# This file is automatically @generated by Poetry 1.8.3 and should not be changed by hand.

[[package]]
name = "cloudpickle"
version = "3.0.0"
description = "Pickler class to extend the standard pickle.Pickler functionality"
optional = false
python-versions = ">=3.8"
files = [
    {file = "cloudpickle-3.0.0-py3-none-any.whl", hash = "sha256:246ee7d0c295602a036e86369c77fecda4ab17b506496730f2f576d9016fd9c7"},
    {file = "cloudpickle-3.0.0.tar.gz", hash = "sha256:996d9a482c6fb4f33c1a35335cf8afd065d2a56e973270364840712d9131a882"},
]

[[package]]
name = "gym"
version = "0.26.2"
description = "Gym: A universal API for reinforcement learning environments"
optional = false
python-versions = ">=3.6"
files = [
    {file = "gym-0.26.2.tar.gz", hash = "sha256:e0d882f4b54f0c65f203104c24ab8a38b039f1289986803c7d02cdbe214fbcc4"},
]

[package.dependencies]
cloudpickle = ">=1.2.0"
gym_notices = ">=0.0.4"
numpy = ">=1.18.0"

[package.extras]
accept-rom-license = ["autorom[accept-rom-license] (>=0.4.2,<0.5.0)"]
all = ["ale-py (>=0.8.0,<0.9.0)", "box2d-py (==2.3.5)", "imageio (>=2.14.1)", "lz4 (>=3.1.0)", "matplotlib (>=3.0)", "moviepy (>=1.0.0)", "mujoco (==2.2)", "mujoco_py (>=2.1,<2.2)", "opencv-python (>=3.0)", "pygame (==2.1.0)", "pytest (==7.0.1)", "swig (==4.*)"]
atari = ["ale-py (>=0.8.0,<0.9.0)"]
box2d = ["box2d-py (==2.3.5)", "pygame (==2.1.0)", "swig (==4.*)"]
classic-control = ["pygame (==2.1.0)"]
mujoco = ["imageio (>=2.14.1)", "mujoco (==2.2)"]
mujoco-py = ["mujoco_py (>=2.1,<2.2)"]
other = ["lz4 (>=3.1.0)", "matplotlib (>=3.0)", "moviepy (>=1.0.0)", "opencv-python (>=3.0)"]
testing = ["box2d-py (==2.3.5)", "imageio (>=2.14.1)", "lz4 (>=3.1.0)", "matplotlib (>=3.0)", "moviepy (>=1.0.0)", "mujoco (==2.2)", "mujoco_py (>=2.1,<2.2)", "opencv-python (>=3.0)", "pygame (==2.1.0)", "pytest (==7.0.1)", "swig (==4.*)"]
toy-text = ["pygame (==2.1.0)"]

[[package]]
name = "gym-notices"
version = "0.0.8"
description = "Notices for gym"
optional = false
python-versions = "*"
files = [
    {file = "gym-notices-0.0.8.tar.gz", hash = "sha256:ad25e200487cafa369728625fe064e88ada1346618526102659b4640f2b4b911"},
    {file = "gym_notices-0.0.8-py3-none-any.whl", hash = "sha256:e5f82e00823a166747b4c2a07de63b6560b1acb880638547e0cabf825a01e463"},
]

[[package]]
name = "numpy"
version = "2.1.1"
description = "Fundamental package for array computing in Python"
optional = false
python-versions = ">=3.10"
files = [
    {file = "numpy-2.1.1-cp310-cp310-macosx_10_9_x86_64.whl", hash = "sha256:c8a0e34993b510fc19b9a2ce7f31cb8e94ecf6e924a40c0c9dd4f62d0aac47d9"},
    {file = "numpy-2.1.1-cp310-cp310-macosx_11_0_arm64.whl", hash = "sha256:7dd86dfaf7c900c0bbdcb8b16e2f6ddf1eb1fe39c6c8cca6e94844ed3152a8fd"},
    {file = "numpy-2.1.1-cp310-cp310-macosx_14_0_arm64.whl", hash = "sha256:5889dd24f03ca5a5b1e8a90a33b5a0846d8977565e4ae003a63d22ecddf6782f"},
    {file = "numpy-2.1.1-cp310-cp310-macosx_14_0_x86_64.whl", hash = "sha256:59ca673ad11d4b84ceb385290ed0ebe60266e356641428c845b39cd9df6713ab"},
    {file = "numpy-2.1.1-cp310-cp310-manylinux_2_17_aarch64.manylinux2014_aarch64.whl", hash = "sha256:13ce49a34c44b6de5241f0b38b07e44c1b2dcacd9e36c30f9c2fcb1bb5135db7"},
    {file = "numpy-2.1.1-cp310-cp310-manylinux_2_17_x86_64.manylinux2014_x86_64.whl", hash = "sha256:913cc1d311060b1d409e609947fa1b9753701dac96e6581b58afc36b7ee35af6"},
    {file = "numpy-2.1.1-cp310-cp310-musllinux_1_1_x86_64.whl", hash = "sha256:caf5d284ddea7462c32b8d4a6b8af030b6c9fd5332afb70e7414d7fdded4bfd0"},
    {file = "numpy-2.1.1-cp310-cp310-musllinux_1_2_aarch64.whl", hash = "sha256:57eb525e7c2a8fdee02d731f647146ff54ea8c973364f3b850069ffb42799647"},
    {file = "numpy-2.1.1-cp310-cp310-win32.whl", hash = "sha256:9a8e06c7a980869ea67bbf551283bbed2856915f0a792dc32dd0f9dd2fb56728"},
    {file = "numpy-2.1.1-cp310-cp310-win_amd64.whl", hash = "sha256:d10c39947a2d351d6d466b4ae83dad4c37cd6c3cdd6d5d0fa797da56f710a6ae"},
    {file = "numpy-2.1.1-cp311-cp311-macosx_10_9_x86_64.whl", hash = "sha256:0d07841fd284718feffe7dd17a63a2e6c78679b2d386d3e82f44f0108c905550"},
    {file = "numpy-2.1.1-cp311-cp311-macosx_11_0_arm64.whl", hash = "sha256:b5613cfeb1adfe791e8e681128f5f49f22f3fcaa942255a6124d58ca59d9528f"},
    {file = "numpy-2.1.1-cp311-cp311-macosx_14_0_arm64.whl", hash = "sha256:0b8cc2715a84b7c3b161f9ebbd942740aaed913584cae9cdc7f8ad5ad41943d0"},
    {file = "numpy-2.1.1-cp311-cp311-macosx_14_0_x86_64.whl", hash = "sha256:b49742cdb85f1f81e4dc1b39dcf328244f4d8d1ded95dea725b316bd2cf18c95"},
    {file = "numpy-2.1.1-cp311-cp311-manylinux_2_17_aarch64.manylinux2014_aarch64.whl", hash = "sha256:e8d5f8a8e3bc87334f025194c6193e408903d21ebaeb10952264943a985066ca"},
    {file = "numpy-2.1.1-cp311-cp311-manylinux_2_17_x86_64.manylinux2014_x86_64.whl", hash = "sha256:d51fc141ddbe3f919e91a096ec739f49d686df8af254b2053ba21a910ae518bf"},
    {file = "numpy-2.1.1-cp311-cp311-musllinux_1_1_x86_64.whl", hash = "sha256:98ce7fb5b8063cfdd86596b9c762bf2b5e35a2cdd7e967494ab78a1fa7f8b86e"},
    {file = "numpy-2.1.1-cp311-cp311-musllinux_1_2_aarch64.whl", hash = "sha256:24c2ad697bd8593887b019817ddd9974a7f429c14a5469d7fad413f28340a6d2"},
    {file = "numpy-2.1.1-cp311-cp311-win32.whl", hash = "sha256:397bc5ce62d3fb73f304bec332171535c187e0643e176a6e9421a6e3eacef06d"},
    {file = "numpy-2.1.1-cp311-cp311-win_amd64.whl", hash = "sha256:ae8ce252404cdd4de56dcfce8b11eac3c594a9c16c231d081fb705cf23bd4d9e"},
    {file = "numpy-2.1.1-cp312-cp312-macosx_10_9_x86_64.whl", hash = "sha256:7c803b7934a7f59563db459292e6aa078bb38b7ab1446ca38dd138646a38203e"},
    {file = "numpy-2.1.1-cp312-cp312-macosx_11_0_arm64.whl", hash = "sha256:6435c48250c12f001920f0751fe50c0348f5f240852cfddc5e2f97e007544cbe"},
    {file = "numpy-2.1.1-cp312-cp312-macosx_14_0_arm64.whl", hash = "sha256:3269c9eb8745e8d975980b3a7411a98976824e1fdef11f0aacf76147f662b15f"},
    {file = "numpy-2.1.1-cp312-cp312-macosx_14_0_x86_64.whl", hash = "sha256:fac6e277a41163d27dfab5f4ec1f7a83fac94e170665a4a50191b545721c6521"},
    {file = "numpy-2.1.1-cp312-cp312-manylinux_2_17_aarch64.manylinux2014_aarch64.whl", hash = "sha256:fcd8f556cdc8cfe35e70efb92463082b7f43dd7e547eb071ffc36abc0ca4699b"},
    {file = "numpy-2.1.1-cp312-cp312-manylinux_2_17_x86_64.manylinux2014_x86_64.whl", hash = "sha256:d2b9cd92c8f8e7b313b80e93cedc12c0112088541dcedd9197b5dee3738c1201"},
    {file = "numpy-2.1.1-cp312-cp312-musllinux_1_1_x86_64.whl", hash = "sha256:afd9c680df4de71cd58582b51e88a61feed4abcc7530bcd3d48483f20fc76f2a"},
    {file = "numpy-2.1.1-cp312-cp312-musllinux_1_2_aarch64.whl", hash = "sha256:8661c94e3aad18e1ea17a11f60f843a4933ccaf1a25a7c6a9182af70610b2313"},
    {file = "numpy-2.1.1-cp312-cp312-win32.whl", hash = "sha256:950802d17a33c07cba7fd7c3dcfa7d64705509206be1606f196d179e539111ed"},
    {file = "numpy-2.1.1-cp312-cp312-win_amd64.whl", hash = "sha256:3fc5eabfc720db95d68e6646e88f8b399bfedd235994016351b1d9e062c4b270"},
    {file = "numpy-2.1.1-cp313-cp313-macosx_10_13_x86_64.whl", hash = "sha256:046356b19d7ad1890c751b99acad5e82dc4a02232013bd9a9a712fddf8eb60f5"},
    {file = "numpy-2.1.1-cp313-cp313-macosx_11_0_arm64.whl", hash = "sha256:6e5a9cb2be39350ae6c8f79410744e80154df658d5bea06e06e0ac5bb75480d5"},
    {file = "numpy-2.1.1-cp313-cp313-macosx_14_0_arm64.whl", hash = "sha256:d4c57b68c8ef5e1ebf47238e99bf27657511ec3f071c465f6b1bccbef12d4136"},
    {file = "numpy-2.1.1-cp313-cp313-macosx_14_0_x86_64.whl", hash = "sha256:8ae0fd135e0b157365ac7cc31fff27f07a5572bdfc38f9c2d43b2aff416cc8b0"},
    {file = "numpy-2.1.1-cp313-cp313-manylinux_2_17_aarch64.manylinux2014_aarch64.whl", hash = "sha256:981707f6b31b59c0c24bcda52e5605f9701cb46da4b86c2e8023656ad3e833cb"},
    {file = "numpy-2.1.1-cp313-cp313-manylinux_2_17_x86_64.manylinux2014_x86_64.whl", hash = "sha256:2ca4b53e1e0b279142113b8c5eb7d7a877e967c306edc34f3b58e9be12fda8df"},
    {file = "numpy-2.1.1-cp313-cp313-musllinux_1_1_x86_64.whl", hash = "sha256:e097507396c0be4e547ff15b13dc3866f45f3680f789c1a1301b07dadd3fbc78"},
    {file = "numpy-2.1.1-cp313-cp313-musllinux_1_2_aarch64.whl", hash = "sha256:f7506387e191fe8cdb267f912469a3cccc538ab108471291636a96a54e599556"},
    {file = "numpy-2.1.1-cp313-cp313-win32.whl", hash = "sha256:251105b7c42abe40e3a689881e1793370cc9724ad50d64b30b358bbb3a97553b"},
    {file = "numpy-2.1.1-cp313-cp313-win_amd64.whl", hash = "sha256:f212d4f46b67ff604d11fff7cc62d36b3e8714edf68e44e9760e19be38c03eb0"},
    {file = "numpy-2.1.1-cp313-cp313t-macosx_10_13_x86_64.whl", hash = "sha256:920b0911bb2e4414c50e55bd658baeb78281a47feeb064ab40c2b66ecba85553"},
    {file = "numpy-2.1.1-cp313-cp313t-macosx_11_0_arm64.whl", hash = "sha256:bab7c09454460a487e631ffc0c42057e3d8f2a9ddccd1e60c7bb8ed774992480"},
    {file = "numpy-2.1.1-cp313-cp313t-macosx_14_0_arm64.whl", hash = "sha256:cea427d1350f3fd0d2818ce7350095c1a2ee33e30961d2f0fef48576ddbbe90f"},
    {file = "numpy-2.1.1-cp313-cp313t-macosx_14_0_x86_64.whl", hash = "sha256:e30356d530528a42eeba51420ae8bf6c6c09559051887196599d96ee5f536468"},
    {file = "numpy-2.1.1-cp313-cp313t-manylinux_2_17_aarch64.manylinux2014_aarch64.whl", hash = "sha256:e8dfa9e94fc127c40979c3eacbae1e61fda4fe71d84869cc129e2721973231ef"},
    {file = "numpy-2.1.1-cp313-cp313t-manylinux_2_17_x86_64.manylinux2014_x86_64.whl", hash = "sha256:910b47a6d0635ec1bd53b88f86120a52bf56dcc27b51f18c7b4a2e2224c29f0f"},
    {file = "numpy-2.1.1-cp313-cp313t-musllinux_1_1_x86_64.whl", hash = "sha256:13cc11c00000848702322af4de0147ced365c81d66053a67c2e962a485b3717c"},
    {file = "numpy-2.1.1-cp313-cp313t-musllinux_1_2_aarch64.whl", hash = "sha256:53e27293b3a2b661c03f79aa51c3987492bd4641ef933e366e0f9f6c9bf257ec"},
    {file = "numpy-2.1.1-pp310-pypy310_pp73-macosx_10_15_x86_64.whl", hash = "sha256:7be6a07520b88214ea85d8ac8b7d6d8a1839b0b5cb87412ac9f49fa934eb15d5"},
    {file = "numpy-2.1.1-pp310-pypy310_pp73-macosx_14_0_x86_64.whl", hash = "sha256:52ac2e48f5ad847cd43c4755520a2317f3380213493b9d8a4c5e37f3b87df504"},
    {file = "numpy-2.1.1-pp310-pypy310_pp73-manylinux_2_17_x86_64.manylinux2014_x86_64.whl", hash = "sha256:50a95ca3560a6058d6ea91d4629a83a897ee27c00630aed9d933dff191f170cd"},
    {file = "numpy-2.1.1-pp310-pypy310_pp73-win_amd64.whl", hash = "sha256:99f4a9ee60eed1385a86e82288971a51e71df052ed0b2900ed30bc840c0f2e39"},
    {file = "numpy-2.1.1.tar.gz", hash = "sha256:d0cf7d55b1051387807405b3898efafa862997b4cba8aa5dbe657be794afeafd"},
]

[[package]]
name = "pyobjc-core"
version = "10.3.1"
description = "Python<->ObjC Interoperability Module"
optional = false
python-versions = ">=3.8"
files = [
    {file = "pyobjc_core-10.3.1-cp310-cp310-macosx_10_9_universal2.whl", hash = "sha256:ea46d2cda17921e417085ac6286d43ae448113158afcf39e0abe484c58fb3d78"},
    {file = "pyobjc_core-10.3.1-cp311-cp311-macosx_10_9_universal2.whl", hash = "sha256:899d3c84d2933d292c808f385dc881a140cf08632907845043a333a9d7c899f9"},
    {file = "pyobjc_core-10.3.1-cp312-cp312-macosx_10_9_universal2.whl", hash = "sha256:6ff5823d13d0a534cdc17fa4ad47cf5bee4846ce0fd27fc40012e12b46db571b"},
    {file = "pyobjc_core-10.3.1-cp313-cp313-macosx_10_13_universal2.whl", hash = "sha256:2581e8e68885bcb0e11ec619e81ef28e08ee3fac4de20d8cc83bc5af5bcf4a90"},
    {file = "pyobjc_core-10.3.1-cp38-cp38-macosx_10_9_x86_64.whl", hash = "sha256:ea98d4c2ec39ca29e62e0327db21418696161fb138ee6278daf2acbedf7ce504"},
    {file = "pyobjc_core-10.3.1-cp38-cp38-macosx_11_0_universal2.whl", hash = "sha256:4c179c26ee2123d0aabffb9dbc60324b62b6f8614fb2c2328b09386ef59ef6d8"},
    {file = "pyobjc_core-10.3.1-cp39-cp39-macosx_10_9_universal2.whl", hash = "sha256:cb901fce65c9be420c40d8a6ee6fff5ff27c6945f44fd7191989b982baa66dea"},
    {file = "pyobjc_core-10.3.1.tar.gz", hash = "sha256:b204a80ccc070f9ab3f8af423a3a25a6fd787e228508d00c4c30f8ac538ba720"},
]

[[package]]
name = "pyobjc-framework-cocoa"
version = "10.3.1"
description = "Wrappers for the Cocoa frameworks on macOS"
optional = false
python-versions = ">=3.8"
files = [
    {file = "pyobjc_framework_Cocoa-10.3.1-cp310-cp310-macosx_10_9_universal2.whl", hash = "sha256:4cb4f8491ab4d9b59f5187e42383f819f7a46306a4fa25b84f126776305291d1"},
    {file = "pyobjc_framework_Cocoa-10.3.1-cp311-cp311-macosx_10_9_universal2.whl", hash = "sha256:5f31021f4f8fdf873b57a97ee1f3c1620dbe285e0b4eaed73dd0005eb72fd773"},
    {file = "pyobjc_framework_Cocoa-10.3.1-cp312-cp312-macosx_10_9_universal2.whl", hash = "sha256:11b4e0bad4bbb44a4edda128612f03cdeab38644bbf174de0c13129715497296"},
    {file = "pyobjc_framework_Cocoa-10.3.1-cp313-cp313-macosx_10_13_universal2.whl", hash = "sha256:de5e62e5ccf2871a94acf3bf79646b20ea893cc9db78afa8d1fe1b0d0f7cbdb0"},
    {file = "pyobjc_framework_Cocoa-10.3.1-cp38-cp38-macosx_10_9_x86_64.whl", hash = "sha256:6c5af24610ab639bd1f521ce4500484b40787f898f691b7a23da3339e6bc8b90"},
    {file = "pyobjc_framework_Cocoa-10.3.1-cp38-cp38-macosx_11_0_universal2.whl", hash = "sha256:a7151186bb7805deea434fae9a4423335e6371d105f29e73cc2036c6779a9dbc"},
    {file = "pyobjc_framework_Cocoa-10.3.1-cp39-cp39-macosx_10_9_universal2.whl", hash = "sha256:743d2a1ac08027fd09eab65814c79002a1d0421d7c0074ffd1217b6560889744"},
    {file = "pyobjc_framework_cocoa-10.3.1.tar.gz", hash = "sha256:1cf20714daaa986b488fb62d69713049f635c9d41a60c8da97d835710445281a"},
]

[package.dependencies]
pyobjc-core = ">=10.3.1"

[[package]]
name = "pyobjc-framework-libdispatch"
version = "10.3.1"
description = "Wrappers for libdispatch on macOS"
optional = false
python-versions = ">=3.8"
files = [
    {file = "pyobjc_framework_libdispatch-10.3.1-cp310-cp310-macosx_10_9_universal2.whl", hash = "sha256:5543aea8acd53fb02bcf962b003a2a9c2bdacf28dc290c31a3d2de7543ef8392"},
    {file = "pyobjc_framework_libdispatch-10.3.1-cp311-cp311-macosx_10_9_universal2.whl", hash = "sha256:3e0db3138aae333f0b87b42586bc016430a76638af169aab9cef6afee4e5f887"},
    {file = "pyobjc_framework_libdispatch-10.3.1-cp312-cp312-macosx_10_9_universal2.whl", hash = "sha256:b209dbc9338cd87e053ede4d782b8c445bcc0b9a3d0365a6ffa1f9cd5143c301"},
    {file = "pyobjc_framework_libdispatch-10.3.1-cp313-cp313-macosx_10_13_universal2.whl", hash = "sha256:a74e62314376dc2d34bc5d4a86cedaf5795786178ebccd0553c58e8fa73400a3"},
    {file = "pyobjc_framework_libdispatch-10.3.1-cp38-cp38-macosx_10_9_x86_64.whl", hash = "sha256:8e8fb27ac86d48605eb2107ac408ed8de281751df81f5430fe66c8228d7626b8"},
    {file = "pyobjc_framework_libdispatch-10.3.1-cp38-cp38-macosx_11_0_universal2.whl", hash = "sha256:0a7a19afef70c98b3b527fb2c9adb025444bcb50f65c8d7b949f1efb51bde577"},
    {file = "pyobjc_framework_libdispatch-10.3.1-cp39-cp39-macosx_10_9_universal2.whl", hash = "sha256:109044cddecb3332cbb75f14819cd01b98aacfefe91204c776b491eccc58a112"},
    {file = "pyobjc_framework_libdispatch-10.3.1.tar.gz", hash = "sha256:f5c3475498cb32f54d75e21952670e4a32c8517fb2db2e90869f634edc942446"},
]

[package.dependencies]
pyobjc-core = ">=10.3.1"
pyobjc-framework-Cocoa = ">=10.3.1"

[[package]]
name = "pyobjc-framework-metal"
version = "10.3.1"
description = "Wrappers for the framework Metal on macOS"
optional = false
python-versions = ">=3.8"
files = [
    {file = "pyobjc_framework_Metal-10.3.1-cp36-abi3-macosx_10_13_universal2.whl", hash = "sha256:4a42f3aa47eb5e0d3f29bf07f239c2ba33725701546ea6d3c5d019133e0fbce1"},
    {file = "pyobjc_framework_Metal-10.3.1-cp36-abi3-macosx_10_9_universal2.whl", hash = "sha256:cc33d05e376d3a2f42da24b397f6353d9cb8e5990c79c9255a82637b7b8f256c"},
    {file = "pyobjc_framework_Metal-10.3.1-cp36-abi3-macosx_10_9_x86_64.whl", hash = "sha256:22762ba170d0fc4538dd7f582da1fd7673160e369eca74efe3d6d35bfdd50522"},
    {file = "pyobjc_framework_Metal-10.3.1-cp36-abi3-macosx_11_0_universal2.whl", hash = "sha256:7fef3ebfd6cfbd7cbfe45aaa86dd32034303d933871d8450f4c990dbdefda176"},
    {file = "pyobjc_framework_metal-10.3.1.tar.gz", hash = "sha256:495307db0bfd2063f28b7c8fa350af71afcfbf5f5f2186a6a751b4cb2ef46a1a"},
]

[package.dependencies]
pyobjc-core = ">=10.3.1"
pyobjc-framework-Cocoa = ">=10.3.1"

[[package]]
name = "setproctitle"
version = "1.3.3"
description = "A Python module to customize the process title"
optional = false
python-versions = ">=3.7"
files = [
    {file = "setproctitle-1.3.3-cp310-cp310-macosx_10_9_universal2.whl", hash = "sha256:897a73208da48db41e687225f355ce993167079eda1260ba5e13c4e53be7f754"},
    {file = "setproctitle-1.3.3-cp310-cp310-macosx_10_9_x86_64.whl", hash = "sha256:8c331e91a14ba4076f88c29c777ad6b58639530ed5b24b5564b5ed2fd7a95452"},
    {file = "setproctitle-1.3.3-cp310-cp310-manylinux_2_17_aarch64.manylinux2014_aarch64.whl", hash = "sha256:bbbd6c7de0771c84b4aa30e70b409565eb1fc13627a723ca6be774ed6b9d9fa3"},
    {file = "setproctitle-1.3.3-cp310-cp310-manylinux_2_17_ppc64le.manylinux2014_ppc64le.whl", hash = "sha256:c05ac48ef16ee013b8a326c63e4610e2430dbec037ec5c5b58fcced550382b74"},
    {file = "setproctitle-1.3.3-cp310-cp310-manylinux_2_5_i686.manylinux1_i686.manylinux_2_17_i686.manylinux2014_i686.whl", hash = "sha256:1342f4fdb37f89d3e3c1c0a59d6ddbedbde838fff5c51178a7982993d238fe4f"},
    {file = "setproctitle-1.3.3-cp310-cp310-manylinux_2_5_x86_64.manylinux1_x86_64.manylinux_2_17_x86_64.manylinux2014_x86_64.whl", hash = "sha256:fc74e84fdfa96821580fb5e9c0b0777c1c4779434ce16d3d62a9c4d8c710df39"},
    {file = "setproctitle-1.3.3-cp310-cp310-musllinux_1_1_aarch64.whl", hash = "sha256:9617b676b95adb412bb69645d5b077d664b6882bb0d37bfdafbbb1b999568d85"},
    {file = "setproctitle-1.3.3-cp310-cp310-musllinux_1_1_i686.whl", hash = "sha256:6a249415f5bb88b5e9e8c4db47f609e0bf0e20a75e8d744ea787f3092ba1f2d0"},
    {file = "setproctitle-1.3.3-cp310-cp310-musllinux_1_1_ppc64le.whl", hash = "sha256:38da436a0aaace9add67b999eb6abe4b84397edf4a78ec28f264e5b4c9d53cd5"},
    {file = "setproctitle-1.3.3-cp310-cp310-musllinux_1_1_x86_64.whl", hash = "sha256:da0d57edd4c95bf221b2ebbaa061e65b1788f1544977288bdf95831b6e44e44d"},
    {file = "setproctitle-1.3.3-cp310-cp310-win32.whl", hash = "sha256:a1fcac43918b836ace25f69b1dca8c9395253ad8152b625064415b1d2f9be4fb"},
    {file = "setproctitle-1.3.3-cp310-cp310-win_amd64.whl", hash = "sha256:200620c3b15388d7f3f97e0ae26599c0c378fdf07ae9ac5a13616e933cbd2086"},
    {file = "setproctitle-1.3.3-cp311-cp311-macosx_10_9_universal2.whl", hash = "sha256:334f7ed39895d692f753a443102dd5fed180c571eb6a48b2a5b7f5b3564908c8"},
    {file = "setproctitle-1.3.3-cp311-cp311-macosx_10_9_x86_64.whl", hash = "sha256:950f6476d56ff7817a8fed4ab207727fc5260af83481b2a4b125f32844df513a"},
    {file = "setproctitle-1.3.3-cp311-cp311-manylinux_2_17_aarch64.manylinux2014_aarch64.whl", hash = "sha256:195c961f54a09eb2acabbfc90c413955cf16c6e2f8caa2adbf2237d1019c7dd8"},
    {file = "setproctitle-1.3.3-cp311-cp311-manylinux_2_17_ppc64le.manylinux2014_ppc64le.whl", hash = "sha256:f05e66746bf9fe6a3397ec246fe481096664a9c97eb3fea6004735a4daf867fd"},
    {file = "setproctitle-1.3.3-cp311-cp311-manylinux_2_5_i686.manylinux1_i686.manylinux_2_17_i686.manylinux2014_i686.whl", hash = "sha256:b5901a31012a40ec913265b64e48c2a4059278d9f4e6be628441482dd13fb8b5"},
    {file = "setproctitle-1.3.3-cp311-cp311-manylinux_2_5_x86_64.manylinux1_x86_64.manylinux_2_17_x86_64.manylinux2014_x86_64.whl", hash = "sha256:64286f8a995f2cd934082b398fc63fca7d5ffe31f0e27e75b3ca6b4efda4e353"},
    {file = "setproctitle-1.3.3-cp311-cp311-musllinux_1_1_aarch64.whl", hash = "sha256:184239903bbc6b813b1a8fc86394dc6ca7d20e2ebe6f69f716bec301e4b0199d"},
    {file = "setproctitle-1.3.3-cp311-cp311-musllinux_1_1_i686.whl", hash = "sha256:664698ae0013f986118064b6676d7dcd28fefd0d7d5a5ae9497cbc10cba48fa5"},
    {file = "setproctitle-1.3.3-cp311-cp311-musllinux_1_1_ppc64le.whl", hash = "sha256:e5119a211c2e98ff18b9908ba62a3bd0e3fabb02a29277a7232a6fb4b2560aa0"},
    {file = "setproctitle-1.3.3-cp311-cp311-musllinux_1_1_x86_64.whl", hash = "sha256:417de6b2e214e837827067048f61841f5d7fc27926f2e43954567094051aff18"},
    {file = "setproctitle-1.3.3-cp311-cp311-win32.whl", hash = "sha256:6a143b31d758296dc2f440175f6c8e0b5301ced3b0f477b84ca43cdcf7f2f476"},
    {file = "setproctitle-1.3.3-cp311-cp311-win_amd64.whl", hash = "sha256:a680d62c399fa4b44899094027ec9a1bdaf6f31c650e44183b50d4c4d0ccc085"},
    {file = "setproctitle-1.3.3-cp312-cp312-macosx_10_9_universal2.whl", hash = "sha256:d4460795a8a7a391e3567b902ec5bdf6c60a47d791c3b1d27080fc203d11c9dc"},
    {file = "setproctitle-1.3.3-cp312-cp312-macosx_10_9_x86_64.whl", hash = "sha256:bdfd7254745bb737ca1384dee57e6523651892f0ea2a7344490e9caefcc35e64"},
    {file = "setproctitle-1.3.3-cp312-cp312-manylinux_2_17_aarch64.manylinux2014_aarch64.whl", hash = "sha256:477d3da48e216d7fc04bddab67b0dcde633e19f484a146fd2a34bb0e9dbb4a1e"},
    {file = "setproctitle-1.3.3-cp312-cp312-manylinux_2_17_ppc64le.manylinux2014_ppc64le.whl", hash = "sha256:ab2900d111e93aff5df9fddc64cf51ca4ef2c9f98702ce26524f1acc5a786ae7"},
    {file = "setproctitle-1.3.3-cp312-cp312-manylinux_2_5_i686.manylinux1_i686.manylinux_2_17_i686.manylinux2014_i686.whl", hash = "sha256:088b9efc62d5aa5d6edf6cba1cf0c81f4488b5ce1c0342a8b67ae39d64001120"},
    {file = "setproctitle-1.3.3-cp312-cp312-manylinux_2_5_x86_64.manylinux1_x86_64.manylinux_2_17_x86_64.manylinux2014_x86_64.whl", hash = "sha256:a6d50252377db62d6a0bb82cc898089916457f2db2041e1d03ce7fadd4a07381"},
    {file = "setproctitle-1.3.3-cp312-cp312-musllinux_1_1_aarch64.whl", hash = "sha256:87e668f9561fd3a457ba189edfc9e37709261287b52293c115ae3487a24b92f6"},
    {file = "setproctitle-1.3.3-cp312-cp312-musllinux_1_1_i686.whl", hash = "sha256:287490eb90e7a0ddd22e74c89a92cc922389daa95babc833c08cf80c84c4df0a"},
    {file = "setproctitle-1.3.3-cp312-cp312-musllinux_1_1_ppc64le.whl", hash = "sha256:4fe1c49486109f72d502f8be569972e27f385fe632bd8895f4730df3c87d5ac8"},
    {file = "setproctitle-1.3.3-cp312-cp312-musllinux_1_1_x86_64.whl", hash = "sha256:4a6ba2494a6449b1f477bd3e67935c2b7b0274f2f6dcd0f7c6aceae10c6c6ba3"},
    {file = "setproctitle-1.3.3-cp312-cp312-win32.whl", hash = "sha256:2df2b67e4b1d7498632e18c56722851ba4db5d6a0c91aaf0fd395111e51cdcf4"},
    {file = "setproctitle-1.3.3-cp312-cp312-win_amd64.whl", hash = "sha256:f38d48abc121263f3b62943f84cbaede05749047e428409c2c199664feb6abc7"},
    {file = "setproctitle-1.3.3-cp37-cp37m-macosx_10_9_x86_64.whl", hash = "sha256:816330675e3504ae4d9a2185c46b573105d2310c20b19ea2b4596a9460a4f674"},
    {file = "setproctitle-1.3.3-cp37-cp37m-manylinux_2_17_aarch64.manylinux2014_aarch64.whl", hash = "sha256:68f960bc22d8d8e4ac886d1e2e21ccbd283adcf3c43136161c1ba0fa509088e0"},
    {file = "setproctitle-1.3.3-cp37-cp37m-manylinux_2_17_ppc64le.manylinux2014_ppc64le.whl", hash = "sha256:00e6e7adff74796ef12753ff399491b8827f84f6c77659d71bd0b35870a17d8f"},
    {file = "setproctitle-1.3.3-cp37-cp37m-manylinux_2_5_i686.manylinux1_i686.manylinux_2_17_i686.manylinux2014_i686.whl", hash = "sha256:53bc0d2358507596c22b02db079618451f3bd720755d88e3cccd840bafb4c41c"},
    {file = "setproctitle-1.3.3-cp37-cp37m-manylinux_2_5_x86_64.manylinux1_x86_64.manylinux_2_17_x86_64.manylinux2014_x86_64.whl", hash = "sha256:ad6d20f9541f5f6ac63df553b6d7a04f313947f550eab6a61aa758b45f0d5657"},
    {file = "setproctitle-1.3.3-cp37-cp37m-musllinux_1_1_aarch64.whl", hash = "sha256:c1c84beab776b0becaa368254801e57692ed749d935469ac10e2b9b825dbdd8e"},
    {file = "setproctitle-1.3.3-cp37-cp37m-musllinux_1_1_i686.whl", hash = "sha256:507e8dc2891021350eaea40a44ddd887c9f006e6b599af8d64a505c0f718f170"},
    {file = "setproctitle-1.3.3-cp37-cp37m-musllinux_1_1_ppc64le.whl", hash = "sha256:b1067647ac7aba0b44b591936118a22847bda3c507b0a42d74272256a7a798e9"},
    {file = "setproctitle-1.3.3-cp37-cp37m-musllinux_1_1_x86_64.whl", hash = "sha256:2e71f6365744bf53714e8bd2522b3c9c1d83f52ffa6324bd7cbb4da707312cd8"},
    {file = "setproctitle-1.3.3-cp37-cp37m-win32.whl", hash = "sha256:7f1d36a1e15a46e8ede4e953abb104fdbc0845a266ec0e99cc0492a4364f8c44"},
    {file = "setproctitle-1.3.3-cp37-cp37m-win_amd64.whl", hash = "sha256:c9a402881ec269d0cc9c354b149fc29f9ec1a1939a777f1c858cdb09c7a261df"},
    {file = "setproctitle-1.3.3-cp38-cp38-macosx_10_9_universal2.whl", hash = "sha256:ff814dea1e5c492a4980e3e7d094286077054e7ea116cbeda138819db194b2cd"},
    {file = "setproctitle-1.3.3-cp38-cp38-macosx_10_9_x86_64.whl", hash = "sha256:accb66d7b3ccb00d5cd11d8c6e07055a4568a24c95cf86109894dcc0c134cc89"},
    {file = "setproctitle-1.3.3-cp38-cp38-manylinux_2_17_aarch64.manylinux2014_aarch64.whl", hash = "sha256:554eae5a5b28f02705b83a230e9d163d645c9a08914c0ad921df363a07cf39b1"},
    {file = "setproctitle-1.3.3-cp38-cp38-manylinux_2_17_ppc64le.manylinux2014_ppc64le.whl", hash = "sha256:a911b26264dbe9e8066c7531c0591cfab27b464459c74385b276fe487ca91c12"},
    {file = "setproctitle-1.3.3-cp38-cp38-manylinux_2_5_i686.manylinux1_i686.manylinux_2_17_i686.manylinux2014_i686.whl", hash = "sha256:2982efe7640c4835f7355fdb4da313ad37fb3b40f5c69069912f8048f77b28c8"},
    {file = "setproctitle-1.3.3-cp38-cp38-manylinux_2_5_x86_64.manylinux1_x86_64.manylinux_2_17_x86_64.manylinux2014_x86_64.whl", hash = "sha256:df3f4274b80709d8bcab2f9a862973d453b308b97a0b423a501bcd93582852e3"},
    {file = "setproctitle-1.3.3-cp38-cp38-musllinux_1_1_aarch64.whl", hash = "sha256:af2c67ae4c795d1674a8d3ac1988676fa306bcfa1e23fddb5e0bd5f5635309ca"},
    {file = "setproctitle-1.3.3-cp38-cp38-musllinux_1_1_i686.whl", hash = "sha256:af4061f67fd7ec01624c5e3c21f6b7af2ef0e6bab7fbb43f209e6506c9ce0092"},
    {file = "setproctitle-1.3.3-cp38-cp38-musllinux_1_1_ppc64le.whl", hash = "sha256:37a62cbe16d4c6294e84670b59cf7adcc73faafe6af07f8cb9adaf1f0e775b19"},
    {file = "setproctitle-1.3.3-cp38-cp38-musllinux_1_1_x86_64.whl", hash = "sha256:a83ca086fbb017f0d87f240a8f9bbcf0809f3b754ee01cec928fff926542c450"},
    {file = "setproctitle-1.3.3-cp38-cp38-win32.whl", hash = "sha256:059f4ce86f8cc92e5860abfc43a1dceb21137b26a02373618d88f6b4b86ba9b2"},
    {file = "setproctitle-1.3.3-cp38-cp38-win_amd64.whl", hash = "sha256:ab92e51cd4a218208efee4c6d37db7368fdf182f6e7ff148fb295ecddf264287"},
    {file = "setproctitle-1.3.3-cp39-cp39-macosx_10_9_universal2.whl", hash = "sha256:c7951820b77abe03d88b114b998867c0f99da03859e5ab2623d94690848d3e45"},
    {file = "setproctitle-1.3.3-cp39-cp39-macosx_10_9_x86_64.whl", hash = "sha256:5bc94cf128676e8fac6503b37763adb378e2b6be1249d207630f83fc325d9b11"},
    {file = "setproctitle-1.3.3-cp39-cp39-manylinux_2_17_aarch64.manylinux2014_aarch64.whl", hash = "sha256:1f5d9027eeda64d353cf21a3ceb74bb1760bd534526c9214e19f052424b37e42"},
    {file = "setproctitle-1.3.3-cp39-cp39-manylinux_2_17_ppc64le.manylinux2014_ppc64le.whl", hash = "sha256:2e4a8104db15d3462e29d9946f26bed817a5b1d7a47eabca2d9dc2b995991503"},
    {file = "setproctitle-1.3.3-cp39-cp39-manylinux_2_5_i686.manylinux1_i686.manylinux_2_17_i686.manylinux2014_i686.whl", hash = "sha256:c32c41ace41f344d317399efff4cffb133e709cec2ef09c99e7a13e9f3b9483c"},
    {file = "setproctitle-1.3.3-cp39-cp39-manylinux_2_5_x86_64.manylinux1_x86_64.manylinux_2_17_x86_64.manylinux2014_x86_64.whl", hash = "sha256:cbf16381c7bf7f963b58fb4daaa65684e10966ee14d26f5cc90f07049bfd8c1e"},
    {file = "setproctitle-1.3.3-cp39-cp39-musllinux_1_1_aarch64.whl", hash = "sha256:e18b7bd0898398cc97ce2dfc83bb192a13a087ef6b2d5a8a36460311cb09e775"},
    {file = "setproctitle-1.3.3-cp39-cp39-musllinux_1_1_i686.whl", hash = "sha256:69d565d20efe527bd8a9b92e7f299ae5e73b6c0470f3719bd66f3cd821e0d5bd"},
    {file = "setproctitle-1.3.3-cp39-cp39-musllinux_1_1_ppc64le.whl", hash = "sha256:ddedd300cd690a3b06e7eac90ed4452348b1348635777ce23d460d913b5b63c3"},
    {file = "setproctitle-1.3.3-cp39-cp39-musllinux_1_1_x86_64.whl", hash = "sha256:415bfcfd01d1fbf5cbd75004599ef167a533395955305f42220a585f64036081"},
    {file = "setproctitle-1.3.3-cp39-cp39-win32.whl", hash = "sha256:21112fcd2195d48f25760f0eafa7a76510871bbb3b750219310cf88b04456ae3"},
    {file = "setproctitle-1.3.3-cp39-cp39-win_amd64.whl", hash = "sha256:5a740f05d0968a5a17da3d676ce6afefebeeeb5ce137510901bf6306ba8ee002"},
    {file = "setproctitle-1.3.3-pp310-pypy310_pp73-macosx_10_9_x86_64.whl", hash = "sha256:6b9e62ddb3db4b5205c0321dd69a406d8af9ee1693529d144e86bd43bcb4b6c0"},
    {file = "setproctitle-1.3.3-pp310-pypy310_pp73-manylinux_2_5_i686.manylinux1_i686.manylinux_2_17_i686.manylinux2014_i686.whl", hash = "sha256:9e3b99b338598de0bd6b2643bf8c343cf5ff70db3627af3ca427a5e1a1a90dd9"},
    {file = "setproctitle-1.3.3-pp310-pypy310_pp73-manylinux_2_5_x86_64.manylinux1_x86_64.manylinux_2_17_x86_64.manylinux2014_x86_64.whl", hash = "sha256:38ae9a02766dad331deb06855fb7a6ca15daea333b3967e214de12cfae8f0ef5"},
    {file = "setproctitle-1.3.3-pp310-pypy310_pp73-win_amd64.whl", hash = "sha256:200ede6fd11233085ba9b764eb055a2a191fb4ffb950c68675ac53c874c22e20"},
    {file = "setproctitle-1.3.3-pp37-pypy37_pp73-macosx_10_9_x86_64.whl", hash = "sha256:0d3a953c50776751e80fe755a380a64cb14d61e8762bd43041ab3f8cc436092f"},
    {file = "setproctitle-1.3.3-pp37-pypy37_pp73-manylinux_2_5_i686.manylinux1_i686.manylinux_2_17_i686.manylinux2014_i686.whl", hash = "sha256:e5e08e232b78ba3ac6bc0d23ce9e2bee8fad2be391b7e2da834fc9a45129eb87"},
    {file = "setproctitle-1.3.3-pp37-pypy37_pp73-manylinux_2_5_x86_64.manylinux1_x86_64.manylinux_2_17_x86_64.manylinux2014_x86_64.whl", hash = "sha256:f1da82c3e11284da4fcbf54957dafbf0655d2389cd3d54e4eaba636faf6d117a"},
    {file = "setproctitle-1.3.3-pp37-pypy37_pp73-win_amd64.whl", hash = "sha256:aeaa71fb9568ebe9b911ddb490c644fbd2006e8c940f21cb9a1e9425bd709574"},
    {file = "setproctitle-1.3.3-pp38-pypy38_pp73-macosx_10_9_x86_64.whl", hash = "sha256:59335d000c6250c35989394661eb6287187854e94ac79ea22315469ee4f4c244"},
    {file = "setproctitle-1.3.3-pp38-pypy38_pp73-manylinux_2_5_i686.manylinux1_i686.manylinux_2_17_i686.manylinux2014_i686.whl", hash = "sha256:c3ba57029c9c50ecaf0c92bb127224cc2ea9fda057b5d99d3f348c9ec2855ad3"},
    {file = "setproctitle-1.3.3-pp38-pypy38_pp73-manylinux_2_5_x86_64.manylinux1_x86_64.manylinux_2_17_x86_64.manylinux2014_x86_64.whl", hash = "sha256:d876d355c53d975c2ef9c4f2487c8f83dad6aeaaee1b6571453cb0ee992f55f6"},
    {file = "setproctitle-1.3.3-pp38-pypy38_pp73-win_amd64.whl", hash = "sha256:224602f0939e6fb9d5dd881be1229d485f3257b540f8a900d4271a2c2aa4e5f4"},
    {file = "setproctitle-1.3.3-pp39-pypy39_pp73-macosx_10_9_x86_64.whl", hash = "sha256:d7f27e0268af2d7503386e0e6be87fb9b6657afd96f5726b733837121146750d"},
    {file = "setproctitle-1.3.3-pp39-pypy39_pp73-manylinux_2_5_i686.manylinux1_i686.manylinux_2_17_i686.manylinux2014_i686.whl", hash = "sha256:f5e7266498cd31a4572378c61920af9f6b4676a73c299fce8ba93afd694f8ae7"},
    {file = "setproctitle-1.3.3-pp39-pypy39_pp73-manylinux_2_5_x86_64.manylinux1_x86_64.manylinux_2_17_x86_64.manylinux2014_x86_64.whl", hash = "sha256:33c5609ad51cd99d388e55651b19148ea99727516132fb44680e1f28dd0d1de9"},
    {file = "setproctitle-1.3.3-pp39-pypy39_pp73-win_amd64.whl", hash = "sha256:eae8988e78192fd1a3245a6f4f382390b61bce6cfcc93f3809726e4c885fa68d"},
    {file = "setproctitle-1.3.3.tar.gz", hash = "sha256:c913e151e7ea01567837ff037a23ca8740192880198b7fbb90b16d181607caae"},
]

[package.extras]
test = ["pytest"]

[[package]]
name = "tinygrad"
version = "0.9.2"
description = "You like pytorch? You like micrograd? You love tinygrad! <3"
optional = false
python-versions = ">=3.8"
files = [
    {file = "tinygrad-0.9.2-py3-none-any.whl", hash = "sha256:19839a489223d8197eb365c5bab4637d61d68957fa710b8752d4b69d2647b711"},
    {file = "tinygrad-0.9.2.tar.gz", hash = "sha256:f1ff5d61c9666e624a66b4c88d16e9a90327967825bed782958687291652d3b2"},
]

[package.dependencies]
numpy = "*"
pyobjc-framework-libdispatch = {version = "*", markers = "platform_system == \"Darwin\""}
pyobjc-framework-Metal = {version = "*", markers = "platform_system == \"Darwin\""}

[package.extras]
arm = ["unicorn"]
docs = ["black", "markdown-callouts", "markdown-exec[ansi]", "mkdocs", "mkdocs-material", "mkdocstrings[python]"]
linting = ["mypy", "pre-commit", "pylint", "ruff", "types-tqdm", "typing-extensions"]
llvm = ["llvmlite"]
testing = ["blobfile", "bottle", "hypothesis", "librosa", "networkx", "nibabel", "onnx (==1.16.0)", "onnx2torch", "opencv-python", "pillow", "pytest", "pytest-xdist", "safetensors", "sentencepiece", "tabulate", "tiktoken", "torch", "tqdm", "transformers"]
testing-tf = ["tensorflow (==2.15.1)", "tensorflow-addons"]
triton = ["triton-nightly (>=2.1.0.dev20231014192330)"]

[metadata]
lock-version = "2.0"
python-versions = "^3.12"
content-hash = "ef1cbf125e774f5ce16cf58dd34435f075b8df8561ae33710c78ec48518f3270"
